
Microsoft Visual Studio Solution File, Format Version 12.00
# Visual Studio Version 17
VisualStudioVersion = 17.9.34723.18
MinimumVisualStudioVersion = 10.0.40219.1
Project("{FAE04EC0-301F-11D3-BF4B-00C04F79EFBC}") = "TUBETREKWPFV1", "TUBETREKWPFV1.csproj", "{944EB3AD-3F3D-41CB-87D6-7ADDC50E2A3D}"
EndProject
Global
	GlobalSection(SolutionConfigurationPlatforms) = preSolution
		Debug|Any CPU = Debug|Any CPU
		Release|Any CPU = Release|Any CPU
	EndGlobalSection
	GlobalSection(ProjectConfigurationPlatforms) = postSolution
		{944EB3AD-3F3D-41CB-87D6-7ADDC50E2A3D}.Debug|Any CPU.ActiveCfg = Debug|Any CPU
		{944EB3AD-3F3D-41CB-87D6-7ADDC50E2A3D}.Debug|Any CPU.Build.0 = Debug|Any CPU
		{944EB3AD-3F3D-41CB-87D6-7ADDC50E2A3D}.Release|Any CPU.ActiveCfg = Release|Any CPU
		{944EB3AD-3F3D-41CB-87D6-7ADDC50E2A3D}.Release|Any CPU.Build.0 = Release|Any CPU
	EndGlobalSection
	GlobalSection(SolutionProperties) = preSolution
		HideSolutionNode = FALSE
	EndGlobalSection
	GlobalSection(ExtensibilityGlobals) = postSolution
		SolutionGuid = {0E841B39-A7AE-478A-8240-C3E5D18BD3F2}
	EndGlobalSection
EndGlobal
